
Microsoft Visual Studio Solution File, Format Version 12.00
# Visual Studio Version 16
VisualStudioVersion = 16.0.31410.357
MinimumVisualStudioVersion = 10.0.40219.1
Project("{FAE04EC0-301F-11D3-BF4B-00C04F79EFBC}") = "TesteScae", "TesteScae\TesteScae.csproj", "{37C5D41C-F52B-4C0C-B1BC-72FA5577A21D}"
EndProject
Global
	GlobalSection(SolutionConfigurationPlatforms) = preSolution
		Debug|Any CPU = Debug|Any CPU
		Release|Any CPU = Release|Any CPU
	EndGlobalSection
	GlobalSection(ProjectConfigurationPlatforms) = postSolution
		{37C5D41C-F52B-4C0C-B1BC-72FA5577A21D}.Debug|Any CPU.ActiveCfg = Debug|Any CPU
		{37C5D41C-F52B-4C0C-B1BC-72FA5577A21D}.Debug|Any CPU.Build.0 = Debug|Any CPU
		{37C5D41C-F52B-4C0C-B1BC-72FA5577A21D}.Release|Any CPU.ActiveCfg = Release|Any CPU
		{37C5D41C-F52B-4C0C-B1BC-72FA5577A21D}.Release|Any CPU.Build.0 = Release|Any CPU
	EndGlobalSection
	GlobalSection(SolutionProperties) = preSolution
		HideSolutionNode = FALSE
	EndGlobalSection
	GlobalSection(ExtensibilityGlobals) = postSolution
		SolutionGuid = {124FF89D-9A96-4A26-8D51-DE8A4070E4B4}
	EndGlobalSection
EndGlobal
